// !$*UTF8*$!
{
	archiveVersion = 1;
	classes = {
	};
	objectVersion = 56;
	objects = {

/* Begin PBXBuildFile section */
		7F5070372B8A463C000255A8 /* TabbarView.swift in Sources */ = {isa = PBXBuildFile; fileRef = 7F5070362B8A463C000255A8 /* TabbarView.swift */; };
		7F5070392B8A469B000255A8 /* HomeView.swift in Sources */ = {isa = PBXBuildFile; fileRef = 7F5070382B8A469B000255A8 /* HomeView.swift */; };
		7F50703B2B8A46D0000255A8 /* SavedJokesView.swift in Sources */ = {isa = PBXBuildFile; fileRef = 7F50703A2B8A46D0000255A8 /* SavedJokesView.swift */; };
		7F50703E2B8A63DF000255A8 /* JokeModels.swift in Sources */ = {isa = PBXBuildFile; fileRef = 7F50703D2B8A63DF000255A8 /* JokeModels.swift */; };
		7F5070402B8A7279000255A8 /* SavedJokeDetailsView.swift in Sources */ = {isa = PBXBuildFile; fileRef = 7F50703F2B8A7279000255A8 /* SavedJokeDetailsView.swift */; };
		7F5070442B8A7F85000255A8 /* CoreDataFunctions.swift in Sources */ = {isa = PBXBuildFile; fileRef = 7F5070432B8A7F85000255A8 /* CoreDataFunctions.swift */; };
		7F5CB9792B8A03010006D333 /* JokeAppApp.swift in Sources */ = {isa = PBXBuildFile; fileRef = 7F5CB9782B8A03010006D333 /* JokeAppApp.swift */; };
		7F5CB97B2B8A03010006D333 /* ContentView.swift in Sources */ = {isa = PBXBuildFile; fileRef = 7F5CB97A2B8A03010006D333 /* ContentView.swift */; };
		7F5CB97D2B8A03030006D333 /* Assets.xcassets in Resources */ = {isa = PBXBuildFile; fileRef = 7F5CB97C2B8A03030006D333 /* Assets.xcassets */; };
		7F5CB9802B8A03030006D333 /* Preview Assets.xcassets in Resources */ = {isa = PBXBuildFile; fileRef = 7F5CB97F2B8A03030006D333 /* Preview Assets.xcassets */; };
		7F5CB9822B8A03030006D333 /* Persistence.swift in Sources */ = {isa = PBXBuildFile; fileRef = 7F5CB9812B8A03030006D333 /* Persistence.swift */; };
		7F5CB9852B8A03030006D333 /* JokeApp.xcdatamodeld in Sources */ = {isa = PBXBuildFile; fileRef = 7F5CB9832B8A03030006D333 /* JokeApp.xcdatamodeld */; };
		7F5CB98F2B8A03030006D333 /* JokeAppTests.swift in Sources */ = {isa = PBXBuildFile; fileRef = 7F5CB98E2B8A03030006D333 /* JokeAppTests.swift */; };
		7F5CB9992B8A03030006D333 /* JokeAppUITests.swift in Sources */ = {isa = PBXBuildFile; fileRef = 7F5CB9982B8A03030006D333 /* JokeAppUITests.swift */; };
		7F5CB99B2B8A03030006D333 /* JokeAppUITestsLaunchTests.swift in Sources */ = {isa = PBXBuildFile; fileRef = 7F5CB99A2B8A03030006D333 /* JokeAppUITestsLaunchTests.swift */; };
		BB33898B2B8BE92400268B61 /* CreateJokesView.swift in Sources */ = {isa = PBXBuildFile; fileRef = BB33898A2B8BE92400268B61 /* CreateJokesView.swift */; };
/* End PBXBuildFile section */

/* Begin PBXContainerItemProxy section */
		7F5CB98B2B8A03030006D333 /* PBXContainerItemProxy */ = {
			isa = PBXContainerItemProxy;
			containerPortal = 7F5CB96D2B8A03010006D333 /* Project object */;
			proxyType = 1;
			remoteGlobalIDString = 7F5CB9742B8A03010006D333;
			remoteInfo = JokeApp;
		};
		7F5CB9952B8A03030006D333 /* PBXContainerItemProxy */ = {
			isa = PBXContainerItemProxy;
			containerPortal = 7F5CB96D2B8A03010006D333 /* Project object */;
			proxyType = 1;
			remoteGlobalIDString = 7F5CB9742B8A03010006D333;
			remoteInfo = JokeApp;
		};
/* End PBXContainerItemProxy section */

/* Begin PBXFileReference section */
		7F5070362B8A463C000255A8 /* TabbarView.swift */ = {isa = PBXFileReference; lastKnownFileType = sourcecode.swift; path = TabbarView.swift; sourceTree = "<group>"; };
		7F5070382B8A469B000255A8 /* HomeView.swift */ = {isa = PBXFileReference; lastKnownFileType = sourcecode.swift; path = HomeView.swift; sourceTree = "<group>"; };
		7F50703A2B8A46D0000255A8 /* SavedJokesView.swift */ = {isa = PBXFileReference; lastKnownFileType = sourcecode.swift; path = SavedJokesView.swift; sourceTree = "<group>"; };
		7F50703D2B8A63DF000255A8 /* JokeModels.swift */ = {isa = PBXFileReference; lastKnownFileType = sourcecode.swift; path = JokeModels.swift; sourceTree = "<group>"; };
		7F50703F2B8A7279000255A8 /* SavedJokeDetailsView.swift */ = {isa = PBXFileReference; lastKnownFileType = sourcecode.swift; path = SavedJokeDetailsView.swift; sourceTree = "<group>"; };
		7F5070432B8A7F85000255A8 /* CoreDataFunctions.swift */ = {isa = PBXFileReference; lastKnownFileType = sourcecode.swift; path = CoreDataFunctions.swift; sourceTree = "<group>"; };
		7F5CB9752B8A03010006D333 /* JokeApp.app */ = {isa = PBXFileReference; explicitFileType = wrapper.application; includeInIndex = 0; path = JokeApp.app; sourceTree = BUILT_PRODUCTS_DIR; };
		7F5CB9782B8A03010006D333 /* JokeAppApp.swift */ = {isa = PBXFileReference; lastKnownFileType = sourcecode.swift; path = JokeAppApp.swift; sourceTree = "<group>"; };
		7F5CB97A2B8A03010006D333 /* ContentView.swift */ = {isa = PBXFileReference; lastKnownFileType = sourcecode.swift; path = ContentView.swift; sourceTree = "<group>"; };
		7F5CB97C2B8A03030006D333 /* Assets.xcassets */ = {isa = PBXFileReference; lastKnownFileType = folder.assetcatalog; path = Assets.xcassets; sourceTree = "<group>"; };
		7F5CB97F2B8A03030006D333 /* Preview Assets.xcassets */ = {isa = PBXFileReference; lastKnownFileType = folder.assetcatalog; path = "Preview Assets.xcassets"; sourceTree = "<group>"; };
		7F5CB9812B8A03030006D333 /* Persistence.swift */ = {isa = PBXFileReference; lastKnownFileType = sourcecode.swift; path = Persistence.swift; sourceTree = "<group>"; };
		7F5CB9842B8A03030006D333 /* JokeApp.xcdatamodel */ = {isa = PBXFileReference; lastKnownFileType = wrapper.xcdatamodel; path = JokeApp.xcdatamodel; sourceTree = "<group>"; };
		7F5CB98A2B8A03030006D333 /* JokeAppTests.xctest */ = {isa = PBXFileReference; explicitFileType = wrapper.cfbundle; includeInIndex = 0; path = JokeAppTests.xctest; sourceTree = BUILT_PRODUCTS_DIR; };
		7F5CB98E2B8A03030006D333 /* JokeAppTests.swift */ = {isa = PBXFileReference; lastKnownFileType = sourcecode.swift; path = JokeAppTests.swift; sourceTree = "<group>"; };
		7F5CB9942B8A03030006D333 /* JokeAppUITests.xctest */ = {isa = PBXFileReference; explicitFileType = wrapper.cfbundle; includeInIndex = 0; path = JokeAppUITests.xctest; sourceTree = BUILT_PRODUCTS_DIR; };
		7F5CB9982B8A03030006D333 /* JokeAppUITests.swift */ = {isa = PBXFileReference; lastKnownFileType = sourcecode.swift; path = JokeAppUITests.swift; sourceTree = "<group>"; };
		7F5CB99A2B8A03030006D333 /* JokeAppUITestsLaunchTests.swift */ = {isa = PBXFileReference; lastKnownFileType = sourcecode.swift; path = JokeAppUITestsLaunchTests.swift; sourceTree = "<group>"; };
		BB33898A2B8BE92400268B61 /* CreateJokesView.swift */ = {isa = PBXFileReference; lastKnownFileType = sourcecode.swift; path = CreateJokesView.swift; sourceTree = "<group>"; };
/* End PBXFileReference section */

/* Begin PBXFrameworksBuildPhase section */
		7F5CB9722B8A03010006D333 /* Frameworks */ = {
			isa = PBXFrameworksBuildPhase;
			buildActionMask = 2147483647;
			files = (
			);
			runOnlyForDeploymentPostprocessing = 0;
		};
		7F5CB9872B8A03030006D333 /* Frameworks */ = {
			isa = PBXFrameworksBuildPhase;
			buildActionMask = 2147483647;
			files = (
			);
			runOnlyForDeploymentPostprocessing = 0;
		};
		7F5CB9912B8A03030006D333 /* Frameworks */ = {
			isa = PBXFrameworksBuildPhase;
			buildActionMask = 2147483647;
			files = (
			);
			runOnlyForDeploymentPostprocessing = 0;
		};
/* End PBXFrameworksBuildPhase section */

/* Begin PBXGroup section */
		7F5070312B8A43D2000255A8 /* Views */ = {
			isa = PBXGroup;
			children = (
				7F5070322B8A455E000255A8 /* Main */,
			);
			path = Views;
			sourceTree = "<group>";
		};
		7F5070322B8A455E000255A8 /* Main */ = {
			isa = PBXGroup;
			children = (
				BB3389892B8BE8E800268B61 /* CreateJokes */,
				7F5070352B8A45D4000255A8 /* SavedJokes */,
				7F5070342B8A45C9000255A8 /* Home */,
				7F5070332B8A456F000255A8 /* shared */,
			);
			path = Main;
			sourceTree = "<group>";
		};
		7F5070332B8A456F000255A8 /* shared */ = {
			isa = PBXGroup;
			children = (
				7F5CB97A2B8A03010006D333 /* ContentView.swift */,
				7F5070362B8A463C000255A8 /* TabbarView.swift */,
			);
			path = shared;
			sourceTree = "<group>";
		};
		7F5070342B8A45C9000255A8 /* Home */ = {
			isa = PBXGroup;
			children = (
				7F5070382B8A469B000255A8 /* HomeView.swift */,
			);
			path = Home;
			sourceTree = "<group>";
		};
		7F5070352B8A45D4000255A8 /* SavedJokes */ = {
			isa = PBXGroup;
			children = (
				7F50703A2B8A46D0000255A8 /* SavedJokesView.swift */,
				7F50703F2B8A7279000255A8 /* SavedJokeDetailsView.swift */,
			);
			path = SavedJokes;
			sourceTree = "<group>";
		};
		7F50703C2B8A6003000255A8 /* Models */ = {
			isa = PBXGroup;
			children = (
				7F5CB9832B8A03030006D333 /* JokeApp.xcdatamodeld */,
				7F50703D2B8A63DF000255A8 /* JokeModels.swift */,
			);
			path = Models;
			sourceTree = "<group>";
		};
		7F5070412B8A7F4B000255A8 /* Common */ = {
			isa = PBXGroup;
			children = (
				7F5070422B8A7F56000255A8 /* util */,
			);
			path = Common;
			sourceTree = "<group>";
		};
		7F5070422B8A7F56000255A8 /* util */ = {
			isa = PBXGroup;
			children = (
				7F5070432B8A7F85000255A8 /* CoreDataFunctions.swift */,
			);
			path = util;
			sourceTree = "<group>";
		};
		7F5CB96C2B8A03010006D333 = {
			isa = PBXGroup;
			children = (
				7F5CB9772B8A03010006D333 /* JokeApp */,
				7F5CB98D2B8A03030006D333 /* JokeAppTests */,
				7F5CB9972B8A03030006D333 /* JokeAppUITests */,
				7F5CB9762B8A03010006D333 /* Products */,
			);
			sourceTree = "<group>";
		};
		7F5CB9762B8A03010006D333 /* Products */ = {
			isa = PBXGroup;
			children = (
				7F5CB9752B8A03010006D333 /* JokeApp.app */,
				7F5CB98A2B8A03030006D333 /* JokeAppTests.xctest */,
				7F5CB9942B8A03030006D333 /* JokeAppUITests.xctest */,
			);
			name = Products;
			sourceTree = "<group>";
		};
		7F5CB9772B8A03010006D333 /* JokeApp */ = {
			isa = PBXGroup;
			children = (
				7F5070412B8A7F4B000255A8 /* Common */,
				7F50703C2B8A6003000255A8 /* Models */,
				7F5070312B8A43D2000255A8 /* Views */,
				7F5CB9782B8A03010006D333 /* JokeAppApp.swift */,
				7F5CB97C2B8A03030006D333 /* Assets.xcassets */,
				7F5CB9812B8A03030006D333 /* Persistence.swift */,
				7F5CB97E2B8A03030006D333 /* Preview Content */,
			);
			path = JokeApp;
			sourceTree = "<group>";
		};
		7F5CB97E2B8A03030006D333 /* Preview Content */ = {
			isa = PBXGroup;
			children = (
				7F5CB97F2B8A03030006D333 /* Preview Assets.xcassets */,
			);
			path = "Preview Content";
			sourceTree = "<group>";
		};
		7F5CB98D2B8A03030006D333 /* JokeAppTests */ = {
			isa = PBXGroup;
			children = (
				7F5CB98E2B8A03030006D333 /* JokeAppTests.swift */,
			);
			path = JokeAppTests;
			sourceTree = "<group>";
		};
		7F5CB9972B8A03030006D333 /* JokeAppUITests */ = {
			isa = PBXGroup;
			children = (
				7F5CB9982B8A03030006D333 /* JokeAppUITests.swift */,
				7F5CB99A2B8A03030006D333 /* JokeAppUITestsLaunchTests.swift */,
			);
			path = JokeAppUITests;
			sourceTree = "<group>";
		};
		BB3389892B8BE8E800268B61 /* CreateJokes */ = {
			isa = PBXGroup;
			children = (
				BB33898A2B8BE92400268B61 /* CreateJokesView.swift */,
			);
			path = CreateJokes;
			sourceTree = "<group>";
		};
/* End PBXGroup section */

/* Begin PBXNativeTarget section */
		7F5CB9742B8A03010006D333 /* JokeApp */ = {
			isa = PBXNativeTarget;
			buildConfigurationList = 7F5CB99E2B8A03030006D333 /* Build configuration list for PBXNativeTarget "JokeApp" */;
			buildPhases = (
				7F5CB9712B8A03010006D333 /* Sources */,
				7F5CB9722B8A03010006D333 /* Frameworks */,
				7F5CB9732B8A03010006D333 /* Resources */,
			);
			buildRules = (
			);
			dependencies = (
			);
			name = JokeApp;
			productName = JokeApp;
			productReference = 7F5CB9752B8A03010006D333 /* JokeApp.app */;
			productType = "com.apple.product-type.application";
		};
		7F5CB9892B8A03030006D333 /* JokeAppTests */ = {
			isa = PBXNativeTarget;
			buildConfigurationList = 7F5CB9A12B8A03030006D333 /* Build configuration list for PBXNativeTarget "JokeAppTests" */;
			buildPhases = (
				7F5CB9862B8A03030006D333 /* Sources */,
				7F5CB9872B8A03030006D333 /* Frameworks */,
				7F5CB9882B8A03030006D333 /* Resources */,
			);
			buildRules = (
			);
			dependencies = (
				7F5CB98C2B8A03030006D333 /* PBXTargetDependency */,
			);
			name = JokeAppTests;
			productName = JokeAppTests;
			productReference = 7F5CB98A2B8A03030006D333 /* JokeAppTests.xctest */;
			productType = "com.apple.product-type.bundle.unit-test";
		};
		7F5CB9932B8A03030006D333 /* JokeAppUITests */ = {
			isa = PBXNativeTarget;
			buildConfigurationList = 7F5CB9A42B8A03030006D333 /* Build configuration list for PBXNativeTarget "JokeAppUITests" */;
			buildPhases = (
				7F5CB9902B8A03030006D333 /* Sources */,
				7F5CB9912B8A03030006D333 /* Frameworks */,
				7F5CB9922B8A03030006D333 /* Resources */,
			);
			buildRules = (
			);
			dependencies = (
				7F5CB9962B8A03030006D333 /* PBXTargetDependency */,
			);
			name = JokeAppUITests;
			productName = JokeAppUITests;
			productReference = 7F5CB9942B8A03030006D333 /* JokeAppUITests.xctest */;
			productType = "com.apple.product-type.bundle.ui-testing";
		};
/* End PBXNativeTarget section */

/* Begin PBXProject section */
		7F5CB96D2B8A03010006D333 /* Project object */ = {
			isa = PBXProject;
			attributes = {
				BuildIndependentTargetsInParallel = 1;
				LastSwiftUpdateCheck = 1520;
				LastUpgradeCheck = 1520;
				TargetAttributes = {
					7F5CB9742B8A03010006D333 = {
						CreatedOnToolsVersion = 15.2;
					};
					7F5CB9892B8A03030006D333 = {
						CreatedOnToolsVersion = 15.2;
						TestTargetID = 7F5CB9742B8A03010006D333;
					};
					7F5CB9932B8A03030006D333 = {
						CreatedOnToolsVersion = 15.2;
						TestTargetID = 7F5CB9742B8A03010006D333;
					};
				};
			};
			buildConfigurationList = 7F5CB9702B8A03010006D333 /* Build configuration list for PBXProject "JokeApp" */;
			compatibilityVersion = "Xcode 14.0";
			developmentRegion = en;
			hasScannedForEncodings = 0;
			knownRegions = (
				en,
				Base,
			);
			mainGroup = 7F5CB96C2B8A03010006D333;
			productRefGroup = 7F5CB9762B8A03010006D333 /* Products */;
			projectDirPath = "";
			projectRoot = "";
			targets = (
				7F5CB9742B8A03010006D333 /* JokeApp */,
				7F5CB9892B8A03030006D333 /* JokeAppTests */,
				7F5CB9932B8A03030006D333 /* JokeAppUITests */,
			);
		};
/* End PBXProject section */

/* Begin PBXResourcesBuildPhase section */
		7F5CB9732B8A03010006D333 /* Resources */ = {
			isa = PBXResourcesBuildPhase;
			buildActionMask = 2147483647;
			files = (
				7F5CB9802B8A03030006D333 /* Preview Assets.xcassets in Resources */,
				7F5CB97D2B8A03030006D333 /* Assets.xcassets in Resources */,
			);
			runOnlyForDeploymentPostprocessing = 0;
		};
		7F5CB9882B8A03030006D333 /* Resources */ = {
			isa = PBXResourcesBuildPhase;
			buildActionMask = 2147483647;
			files = (
			);
			runOnlyForDeploymentPostprocessing = 0;
		};
		7F5CB9922B8A03030006D333 /* Resources */ = {
			isa = PBXResourcesBuildPhase;
			buildActionMask = 2147483647;
			files = (
			);
			runOnlyForDeploymentPostprocessing = 0;
		};
/* End PBXResourcesBuildPhase section */

/* Begin PBXSourcesBuildPhase section */
		7F5CB9712B8A03010006D333 /* Sources */ = {
			isa = PBXSourcesBuildPhase;
			buildActionMask = 2147483647;
			files = (
				7F50703E2B8A63DF000255A8 /* JokeModels.swift in Sources */,
				BB33898B2B8BE92400268B61 /* CreateJokesView.swift in Sources */,
				7F5070402B8A7279000255A8 /* SavedJokeDetailsView.swift in Sources */,
				7F5CB9822B8A03030006D333 /* Persistence.swift in Sources */,
				7F5CB97B2B8A03010006D333 /* ContentView.swift in Sources */,
				7F5CB9852B8A03030006D333 /* JokeApp.xcdatamodeld in Sources */,
				7F5070392B8A469B000255A8 /* HomeView.swift in Sources */,
				7F5070442B8A7F85000255A8 /* CoreDataFunctions.swift in Sources */,
				7F50703B2B8A46D0000255A8 /* SavedJokesView.swift in Sources */,
				7F5070372B8A463C000255A8 /* TabbarView.swift in Sources */,
				7F5CB9792B8A03010006D333 /* JokeAppApp.swift in Sources */,
			);
			runOnlyForDeploymentPostprocessing = 0;
		};
		7F5CB9862B8A03030006D333 /* Sources */ = {
			isa = PBXSourcesBuildPhase;
			buildActionMask = 2147483647;
			files = (
				7F5CB98F2B8A03030006D333 /* JokeAppTests.swift in Sources */,
			);
			runOnlyForDeploymentPostprocessing = 0;
		};
		7F5CB9902B8A03030006D333 /* Sources */ = {
			isa = PBXSourcesBuildPhase;
			buildActionMask = 2147483647;
			files = (
				7F5CB9992B8A03030006D333 /* JokeAppUITests.swift in Sources */,
				7F5CB99B2B8A03030006D333 /* JokeAppUITestsLaunchTests.swift in Sources */,
			);
			runOnlyForDeploymentPostprocessing = 0;
		};
/* End PBXSourcesBuildPhase section */

/* Begin PBXTargetDependency section */
		7F5CB98C2B8A03030006D333 /* PBXTargetDependency */ = {
			isa = PBXTargetDependency;
			target = 7F5CB9742B8A03010006D333 /* JokeApp */;
			targetProxy = 7F5CB98B2B8A03030006D333 /* PBXContainerItemProxy */;
		};
		7F5CB9962B8A03030006D333 /* PBXTargetDependency */ = {
			isa = PBXTargetDependency;
			target = 7F5CB9742B8A03010006D333 /* JokeApp */;
			targetProxy = 7F5CB9952B8A03030006D333 /* PBXContainerItemProxy */;
		};
/* End PBXTargetDependency section */

/* Begin XCBuildConfiguration section */
		7F5CB99C2B8A03030006D333 /* Debug */ = {
			isa = XCBuildConfiguration;
			buildSettings = {
				ALWAYS_SEARCH_USER_PATHS = NO;
				ASSETCATALOG_COMPILER_GENERATE_SWIFT_ASSET_SYMBOL_EXTENSIONS = YES;
				CLANG_ANALYZER_NONNULL = YES;
				CLANG_ANALYZER_NUMBER_OBJECT_CONVERSION = YES_AGGRESSIVE;
				CLANG_CXX_LANGUAGE_STANDARD = "gnu++20";
				CLANG_ENABLE_MODULES = YES;
				CLANG_ENABLE_OBJC_ARC = YES;
				CLANG_ENABLE_OBJC_WEAK = YES;
				CLANG_WARN_BLOCK_CAPTURE_AUTORELEASING = YES;
				CLANG_WARN_BOOL_CONVERSION = YES;
				CLANG_WARN_COMMA = YES;
				CLANG_WARN_CONSTANT_CONVERSION = YES;
				CLANG_WARN_DEPRECATED_OBJC_IMPLEMENTATIONS = YES;
				CLANG_WARN_DIRECT_OBJC_ISA_USAGE = YES_ERROR;
				CLANG_WARN_DOCUMENTATION_COMMENTS = YES;
				CLANG_WARN_EMPTY_BODY = YES;
				CLANG_WARN_ENUM_CONVERSION = YES;
				CLANG_WARN_INFINITE_RECURSION = YES;
				CLANG_WARN_INT_CONVERSION = YES;
				CLANG_WARN_NON_LITERAL_NULL_CONVERSION = YES;
				CLANG_WARN_OBJC_IMPLICIT_RETAIN_SELF = YES;
				CLANG_WARN_OBJC_LITERAL_CONVERSION = YES;
				CLANG_WARN_OBJC_ROOT_CLASS = YES_ERROR;
				CLANG_WARN_QUOTED_INCLUDE_IN_FRAMEWORK_HEADER = YES;
				CLANG_WARN_RANGE_LOOP_ANALYSIS = YES;
				CLANG_WARN_STRICT_PROTOTYPES = YES;
				CLANG_WARN_SUSPICIOUS_MOVE = YES;
				CLANG_WARN_UNGUARDED_AVAILABILITY = YES_AGGRESSIVE;
				CLANG_WARN_UNREACHABLE_CODE = YES;
				CLANG_WARN__DUPLICATE_METHOD_MATCH = YES;
				COPY_PHASE_STRIP = NO;
				DEBUG_INFORMATION_FORMAT = dwarf;
				ENABLE_STRICT_OBJC_MSGSEND = YES;
				ENABLE_TESTABILITY = YES;
				ENABLE_USER_SCRIPT_SANDBOXING = YES;
				GCC_C_LANGUAGE_STANDARD = gnu17;
				GCC_DYNAMIC_NO_PIC = NO;
				GCC_NO_COMMON_BLOCKS = YES;
				GCC_OPTIMIZATION_LEVEL = 0;
				GCC_PREPROCESSOR_DEFINITIONS = (
					"DEBUG=1",
					"$(inherited)",
				);
				GCC_WARN_64_TO_32_BIT_CONVERSION = YES;
				GCC_WARN_ABOUT_RETURN_TYPE = YES_ERROR;
				GCC_WARN_UNDECLARED_SELECTOR = YES;
				GCC_WARN_UNINITIALIZED_AUTOS = YES_AGGRESSIVE;
				GCC_WARN_UNUSED_FUNCTION = YES;
				GCC_WARN_UNUSED_VARIABLE = YES;
				IPHONEOS_DEPLOYMENT_TARGET = 17.2;
				LOCALIZATION_PREFERS_STRING_CATALOGS = YES;
				MTL_ENABLE_DEBUG_INFO = INCLUDE_SOURCE;
				MTL_FAST_MATH = YES;
				ONLY_ACTIVE_ARCH = YES;
				SDKROOT = iphoneos;
				SWIFT_ACTIVE_COMPILATION_CONDITIONS = "DEBUG $(inherited)";
				SWIFT_OPTIMIZATION_LEVEL = "-Onone";
			};
			name = Debug;
		};
		7F5CB99D2B8A03030006D333 /* Release */ = {
			isa = XCBuildConfiguration;
			buildSettings = {
				ALWAYS_SEARCH_USER_PATHS = NO;
				ASSETCATALOG_COMPILER_GENERATE_SWIFT_ASSET_SYMBOL_EXTENSIONS = YES;
				CLANG_ANALYZER_NONNULL = YES;
				CLANG_ANALYZER_NUMBER_OBJECT_CONVERSION = YES_AGGRESSIVE;
				CLANG_CXX_LANGUAGE_STANDARD = "gnu++20";
				CLANG_ENABLE_MODULES = YES;
				CLANG_ENABLE_OBJC_ARC = YES;
				CLANG_ENABLE_OBJC_WEAK = YES;
				CLANG_WARN_BLOCK_CAPTURE_AUTORELEASING = YES;
				CLANG_WARN_BOOL_CONVERSION = YES;
				CLANG_WARN_COMMA = YES;
				CLANG_WARN_CONSTANT_CONVERSION = YES;
				CLANG_WARN_DEPRECATED_OBJC_IMPLEMENTATIONS = YES;
				CLANG_WARN_DIRECT_OBJC_ISA_USAGE = YES_ERROR;
				CLANG_WARN_DOCUMENTATION_COMMENTS = YES;
				CLANG_WARN_EMPTY_BODY = YES;
				CLANG_WARN_ENUM_CONVERSION = YES;
				CLANG_WARN_INFINITE_RECURSION = YES;
				CLANG_WARN_INT_CONVERSION = YES;
				CLANG_WARN_NON_LITERAL_NULL_CONVERSION = YES;
				CLANG_WARN_OBJC_IMPLICIT_RETAIN_SELF = YES;
				CLANG_WARN_OBJC_LITERAL_CONVERSION = YES;
				CLANG_WARN_OBJC_ROOT_CLASS = YES_ERROR;
				CLANG_WARN_QUOTED_INCLUDE_IN_FRAMEWORK_HEADER = YES;
				CLANG_WARN_RANGE_LOOP_ANALYSIS = YES;
				CLANG_WARN_STRICT_PROTOTYPES = YES;
				CLANG_WARN_SUSPICIOUS_MOVE = YES;
				CLANG_WARN_UNGUARDED_AVAILABILITY = YES_AGGRESSIVE;
				CLANG_WARN_UNREACHABLE_CODE = YES;
				CLANG_WARN__DUPLICATE_METHOD_MATCH = YES;
				COPY_PHASE_STRIP = NO;
				DEBUG_INFORMATION_FORMAT = "dwarf-with-dsym";
				ENABLE_NS_ASSERTIONS = NO;
				ENABLE_STRICT_OBJC_MSGSEND = YES;
				ENABLE_USER_SCRIPT_SANDBOXING = YES;
				GCC_C_LANGUAGE_STANDARD = gnu17;
				GCC_NO_COMMON_BLOCKS = YES;
				GCC_WARN_64_TO_32_BIT_CONVERSION = YES;
				GCC_WARN_ABOUT_RETURN_TYPE = YES_ERROR;
				GCC_WARN_UNDECLARED_SELECTOR = YES;
				GCC_WARN_UNINITIALIZED_AUTOS = YES_AGGRESSIVE;
				GCC_WARN_UNUSED_FUNCTION = YES;
				GCC_WARN_UNUSED_VARIABLE = YES;
				IPHONEOS_DEPLOYMENT_TARGET = 17.2;
				LOCALIZATION_PREFERS_STRING_CATALOGS = YES;
				MTL_ENABLE_DEBUG_INFO = NO;
				MTL_FAST_MATH = YES;
				SDKROOT = iphoneos;
				SWIFT_COMPILATION_MODE = wholemodule;
				VALIDATE_PRODUCT = YES;
			};
			name = Release;
		};
		7F5CB99F2B8A03030006D333 /* Debug */ = {
			isa = XCBuildConfiguration;
			buildSettings = {
				ASSETCATALOG_COMPILER_APPICON_NAME = AppIcon;
				ASSETCATALOG_COMPILER_GLOBAL_ACCENT_COLOR_NAME = AccentColor;
				CODE_SIGN_IDENTITY = "Apple Development";
				CODE_SIGN_STYLE = Automatic;
				CURRENT_PROJECT_VERSION = 1;
				DEVELOPMENT_ASSET_PATHS = "\"JokeApp/Preview Content\"";
				DEVELOPMENT_TEAM = 7JKZ7HSC98;
				ENABLE_PREVIEWS = YES;
				GENERATE_INFOPLIST_FILE = YES;
				INFOPLIST_KEY_UIApplicationSceneManifest_Generation = YES;
				INFOPLIST_KEY_UIApplicationSupportsIndirectInputEvents = YES;
				INFOPLIST_KEY_UILaunchScreen_Generation = YES;
				INFOPLIST_KEY_UISupportedInterfaceOrientations_iPad = "UIInterfaceOrientationPortrait UIInterfaceOrientationPortraitUpsideDown UIInterfaceOrientationLandscapeLeft UIInterfaceOrientationLandscapeRight";
				INFOPLIST_KEY_UISupportedInterfaceOrientations_iPhone = "UIInterfaceOrientationPortrait UIInterfaceOrientationLandscapeLeft UIInterfaceOrientationLandscapeRight";
				IPHONEOS_DEPLOYMENT_TARGET = 16.4;
				LD_RUNPATH_SEARCH_PATHS = (
					"$(inherited)",
					"@executable_path/Frameworks",
				);
				MARKETING_VERSION = 1.0;
				PRODUCT_BUNDLE_IDENTIFIER = Joke.JokeApp;
				PRODUCT_NAME = "$(TARGET_NAME)";
				PROVISIONING_PROFILE_SPECIFIER = "";
				SWIFT_EMIT_LOC_STRINGS = YES;
				SWIFT_VERSION = 5.0;
				TARGETED_DEVICE_FAMILY = "1,2";
			};
			name = Debug;
		};
		7F5CB9A02B8A03030006D333 /* Release */ = {
			isa = XCBuildConfiguration;
			buildSettings = {
				ASSETCATALOG_COMPILER_APPICON_NAME = AppIcon;
				ASSETCATALOG_COMPILER_GLOBAL_ACCENT_COLOR_NAME = AccentColor;
				CODE_SIGN_IDENTITY = "Apple Development";
				CODE_SIGN_STYLE = Automatic;
				CURRENT_PROJECT_VERSION = 1;
				DEVELOPMENT_ASSET_PATHS = "\"JokeApp/Preview Content\"";
				DEVELOPMENT_TEAM = 7JKZ7HSC98;
				ENABLE_PREVIEWS = YES;
				GENERATE_INFOPLIST_FILE = YES;
				INFOPLIST_KEY_UIApplicationSceneManifest_Generation = YES;
				INFOPLIST_KEY_UIApplicationSupportsIndirectInputEvents = YES;
				INFOPLIST_KEY_UILaunchScreen_Generation = YES;
				INFOPLIST_KEY_UISupportedInterfaceOrientations_iPad = "UIInterfaceOrientationPortrait UIInterfaceOrientationPortraitUpsideDown UIInterfaceOrientationLandscapeLeft UIInterfaceOrientationLandscapeRight";
				INFOPLIST_KEY_UISupportedInterfaceOrientations_iPhone = "UIInterfaceOrientationPortrait UIInterfaceOrientationLandscapeLeft UIInterfaceOrientationLandscapeRight";
				IPHONEOS_DEPLOYMENT_TARGET = 16.4;
				LD_RUNPATH_SEARCH_PATHS = (
					"$(inherited)",
					"@executable_path/Frameworks",
				);
				MARKETING_VERSION = 1.0;
				PRODUCT_BUNDLE_IDENTIFIER = Joke.JokeApp;
				PRODUCT_NAME = "$(TARGET_NAME)";
				PROVISIONING_PROFILE_SPECIFIER = "";
				SWIFT_EMIT_LOC_STRINGS = YES;
				SWIFT_VERSION = 5.0;
				TARGETED_DEVICE_FAMILY = "1,2";
			};
			name = Release;
		};
		7F5CB9A22B8A03030006D333 /* Debug */ = {
			isa = XCBuildConfiguration;
			buildSettings = {
				ALWAYS_EMBED_SWIFT_STANDARD_LIBRARIES = YES;
				BUNDLE_LOADER = "$(TEST_HOST)";
				CODE_SIGN_STYLE = Automatic;
				CURRENT_PROJECT_VERSION = 1;
				DEVELOPMENT_TEAM = 7JKZ7HSC98;
				GENERATE_INFOPLIST_FILE = YES;
				IPHONEOS_DEPLOYMENT_TARGET = 17.2;
				MARKETING_VERSION = 1.0;
				PRODUCT_BUNDLE_IDENTIFIER = Joke.JokeAppTests;
				PRODUCT_NAME = "$(TARGET_NAME)";
				SWIFT_EMIT_LOC_STRINGS = NO;
				SWIFT_VERSION = 5.0;
				TARGETED_DEVICE_FAMILY = "1,2";
				TEST_HOST = "$(BUILT_PRODUCTS_DIR)/JokeApp.app/$(BUNDLE_EXECUTABLE_FOLDER_PATH)/JokeApp";
			};
			name = Debug;
		};
		7F5CB9A32B8A03030006D333 /* Release */ = {
			isa = XCBuildConfiguration;
			buildSettings = {
				ALWAYS_EMBED_SWIFT_STANDARD_LIBRARIES = YES;
				BUNDLE_LOADER = "$(TEST_HOST)";
				CODE_SIGN_STYLE = Automatic;
				CURRENT_PROJECT_VERSION = 1;
				DEVELOPMENT_TEAM = 7JKZ7HSC98;
				GENERATE_INFOPLIST_FILE = YES;
				IPHONEOS_DEPLOYMENT_TARGET = 17.2;
				MARKETING_VERSION = 1.0;
				PRODUCT_BUNDLE_IDENTIFIER = Joke.JokeAppTests;
				PRODUCT_NAME = "$(TARGET_NAME)";
				SWIFT_EMIT_LOC_STRINGS = NO;
				SWIFT_VERSION = 5.0;
				TARGETED_DEVICE_FAMILY = "1,2";
				TEST_HOST = "$(BUILT_PRODUCTS_DIR)/JokeApp.app/$(BUNDLE_EXECUTABLE_FOLDER_PATH)/JokeApp";
			};
			name = Release;
		};
		7F5CB9A52B8A03030006D333 /* Debug */ = {
			isa = XCBuildConfiguration;
			buildSettings = {
				ALWAYS_EMBED_SWIFT_STANDARD_LIBRARIES = YES;
				CODE_SIGN_STYLE = Automatic;
				CURRENT_PROJECT_VERSION = 1;
				DEVELOPMENT_TEAM = 7JKZ7HSC98;
				GENERATE_INFOPLIST_FILE = YES;
				MARKETING_VERSION = 1.0;
				PRODUCT_BUNDLE_IDENTIFIER = Joke.JokeAppUITests;
				PRODUCT_NAME = "$(TARGET_NAME)";
				SWIFT_EMIT_LOC_STRINGS = NO;
				SWIFT_VERSION = 5.0;
				TARGETED_DEVICE_FAMILY = "1,2";
				TEST_TARGET_NAME = JokeApp;
			};
			name = Debug;
		};
		7F5CB9A62B8A03030006D333 /* Release */ = {
			isa = XCBuildConfiguration;
			buildSettings = {
				ALWAYS_EMBED_SWIFT_STANDARD_LIBRARIES = YES;
				CODE_SIGN_STYLE = Automatic;
				CURRENT_PROJECT_VERSION = 1;
				DEVELOPMENT_TEAM = 7JKZ7HSC98;
				GENERATE_INFOPLIST_FILE = YES;
				MARKETING_VERSION = 1.0;
				PRODUCT_BUNDLE_IDENTIFIER = Joke.JokeAppUITests;
				PRODUCT_NAME = "$(TARGET_NAME)";
				SWIFT_EMIT_LOC_STRINGS = NO;
				SWIFT_VERSION = 5.0;
				TARGETED_DEVICE_FAMILY = "1,2";
				TEST_TARGET_NAME = JokeApp;
			};
			name = Release;
		};
/* End XCBuildConfiguration section */

/* Begin XCConfigurationList section */
		7F5CB9702B8A03010006D333 /* Build configuration list for PBXProject "JokeApp" */ = {
			isa = XCConfigurationList;
			buildConfigurations = (
				7F5CB99C2B8A03030006D333 /* Debug */,
				7F5CB99D2B8A03030006D333 /* Release */,
			);
			defaultConfigurationIsVisible = 0;
			defaultConfigurationName = Release;
		};
		7F5CB99E2B8A03030006D333 /* Build configuration list for PBXNativeTarget "JokeApp" */ = {
			isa = XCConfigurationList;
			buildConfigurations = (
				7F5CB99F2B8A03030006D333 /* Debug */,
				7F5CB9A02B8A03030006D333 /* Release */,
			);
			defaultConfigurationIsVisible = 0;
			defaultConfigurationName = Release;
		};
		7F5CB9A12B8A03030006D333 /* Build configuration list for PBXNativeTarget "JokeAppTests" */ = {
			isa = XCConfigurationList;
			buildConfigurations = (
				7F5CB9A22B8A03030006D333 /* Debug */,
				7F5CB9A32B8A03030006D333 /* Release */,
			);
			defaultConfigurationIsVisible = 0;
			defaultConfigurationName = Release;
		};
		7F5CB9A42B8A03030006D333 /* Build configuration list for PBXNativeTarget "JokeAppUITests" */ = {
			isa = XCConfigurationList;
			buildConfigurations = (
				7F5CB9A52B8A03030006D333 /* Debug */,
				7F5CB9A62B8A03030006D333 /* Release */,
			);
			defaultConfigurationIsVisible = 0;
			defaultConfigurationName = Release;
		};
/* End XCConfigurationList section */

/* Begin XCVersionGroup section */
		7F5CB9832B8A03030006D333 /* JokeApp.xcdatamodeld */ = {
			isa = XCVersionGroup;
			children = (
				7F5CB9842B8A03030006D333 /* JokeApp.xcdatamodel */,
			);
			currentVersion = 7F5CB9842B8A03030006D333 /* JokeApp.xcdatamodel */;
			path = JokeApp.xcdatamodeld;
			sourceTree = "<group>";
			versionGroupType = wrapper.xcdatamodel;
		};
/* End XCVersionGroup section */
	};
	rootObject = 7F5CB96D2B8A03010006D333 /* Project object */;
}
